// !$*UTF8*$!
{
	archiveVersion = 1;
	classes = {
	};
	objectVersion = 50;
	objects = {

/* Begin PBXBuildFile section */
		AC00195523577A4D009A1B39 /* AppDelegate.swift in Sources */ = {isa = PBXBuildFile; fileRef = AC00195423577A4D009A1B39 /* AppDelegate.swift */; };
		AC00195723577A4D009A1B39 /* ViewController.swift in Sources */ = {isa = PBXBuildFile; fileRef = AC00195623577A4D009A1B39 /* ViewController.swift */; };
		AC00195A23577A4D009A1B39 /* Main.storyboard in Resources */ = {isa = PBXBuildFile; fileRef = AC00195823577A4D009A1B39 /* Main.storyboard */; };
		AC00195C23577A5B009A1B39 /* Assets.xcassets in Resources */ = {isa = PBXBuildFile; fileRef = AC00195B23577A5B009A1B39 /* Assets.xcassets */; };
		AC00195F23577A5B009A1B39 /* LaunchScreen.storyboard in Resources */ = {isa = PBXBuildFile; fileRef = AC00195D23577A5B009A1B39 /* LaunchScreen.storyboard */; };
		AC00196A23577A5C009A1B39 /* weatherTests.swift in Sources */ = {isa = PBXBuildFile; fileRef = AC00196923577A5C009A1B39 /* weatherTests.swift */; };
		AC00197523577A5C009A1B39 /* weatherUITests.swift in Sources */ = {isa = PBXBuildFile; fileRef = AC00197423577A5C009A1B39 /* weatherUITests.swift */; };
/* End PBXBuildFile section */

/* Begin PBXContainerItemProxy section */
		AC00196623577A5C009A1B39 /* PBXContainerItemProxy */ = {
			isa = PBXContainerItemProxy;
			containerPortal = AC00194923577A4D009A1B39 /* Project object */;
			proxyType = 1;
			remoteGlobalIDString = AC00195023577A4D009A1B39;
			remoteInfo = weather;
		};
		AC00197123577A5C009A1B39 /* PBXContainerItemProxy */ = {
			isa = PBXContainerItemProxy;
			containerPortal = AC00194923577A4D009A1B39 /* Project object */;
			proxyType = 1;
			remoteGlobalIDString = AC00195023577A4D009A1B39;
			remoteInfo = weather;
		};
/* End PBXContainerItemProxy section */

/* Begin PBXFileReference section */
		AC00195123577A4D009A1B39 /* weather.app */ = {isa = PBXFileReference; explicitFileType = wrapper.application; includeInIndex = 0; path = weather.app; sourceTree = BUILT_PRODUCTS_DIR; };
		AC00195423577A4D009A1B39 /* AppDelegate.swift */ = {isa = PBXFileReference; lastKnownFileType = sourcecode.swift; path = AppDelegate.swift; sourceTree = "<group>"; };
		AC00195623577A4D009A1B39 /* ViewController.swift */ = {isa = PBXFileReference; lastKnownFileType = sourcecode.swift; path = ViewController.swift; sourceTree = "<group>"; };
		AC00195923577A4D009A1B39 /* Base */ = {isa = PBXFileReference; lastKnownFileType = file.storyboard; name = Base; path = Base.lproj/Main.storyboard; sourceTree = "<group>"; };
		AC00195B23577A5B009A1B39 /* Assets.xcassets */ = {isa = PBXFileReference; lastKnownFileType = folder.assetcatalog; path = Assets.xcassets; sourceTree = "<group>"; };
		AC00195E23577A5B009A1B39 /* Base */ = {isa = PBXFileReference; lastKnownFileType = file.storyboard; name = Base; path = Base.lproj/LaunchScreen.storyboard; sourceTree = "<group>"; };
		AC00196023577A5B009A1B39 /* Info.plist */ = {isa = PBXFileReference; lastKnownFileType = text.plist.xml; path = Info.plist; sourceTree = "<group>"; };
		AC00196523577A5C009A1B39 /* weatherTests.xctest */ = {isa = PBXFileReference; explicitFileType = wrapper.cfbundle; includeInIndex = 0; path = weatherTests.xctest; sourceTree = BUILT_PRODUCTS_DIR; };
		AC00196923577A5C009A1B39 /* weatherTests.swift */ = {isa = PBXFileReference; lastKnownFileType = sourcecode.swift; path = weatherTests.swift; sourceTree = "<group>"; };
		AC00196B23577A5C009A1B39 /* Info.plist */ = {isa = PBXFileReference; lastKnownFileType = text.plist.xml; path = Info.plist; sourceTree = "<group>"; };
		AC00197023577A5C009A1B39 /* weatherUITests.xctest */ = {isa = PBXFileReference; explicitFileType = wrapper.cfbundle; includeInIndex = 0; path = weatherUITests.xctest; sourceTree = BUILT_PRODUCTS_DIR; };
		AC00197423577A5C009A1B39 /* weatherUITests.swift */ = {isa = PBXFileReference; lastKnownFileType = sourcecode.swift; path = weatherUITests.swift; sourceTree = "<group>"; };
		AC00197623577A5C009A1B39 /* Info.plist */ = {isa = PBXFileReference; lastKnownFileType = text.plist.xml; path = Info.plist; sourceTree = "<group>"; };
/* End PBXFileReference section */

/* Begin PBXFrameworksBuildPhase section */
		AC00194E23577A4D009A1B39 /* Frameworks */ = {
			isa = PBXFrameworksBuildPhase;
			buildActionMask = 2147483647;
			files = (
			);
			runOnlyForDeploymentPostprocessing = 0;
		};
		AC00196223577A5C009A1B39 /* Frameworks */ = {
			isa = PBXFrameworksBuildPhase;
			buildActionMask = 2147483647;
			files = (
			);
			runOnlyForDeploymentPostprocessing = 0;
		};
		AC00196D23577A5C009A1B39 /* Frameworks */ = {
			isa = PBXFrameworksBuildPhase;
			buildActionMask = 2147483647;
			files = (
			);
			runOnlyForDeploymentPostprocessing = 0;
		};
/* End PBXFrameworksBuildPhase section */

/* Begin PBXGroup section */
		AC00194823577A4D009A1B39 = {
			isa = PBXGroup;
			children = (
				AC00195323577A4D009A1B39 /* weather */,
				AC00196823577A5C009A1B39 /* weatherTests */,
				AC00197323577A5C009A1B39 /* weatherUITests */,
				AC00195223577A4D009A1B39 /* Products */,
			);
			sourceTree = "<group>";
		};
		AC00195223577A4D009A1B39 /* Products */ = {
			isa = PBXGroup;
			children = (
				AC00195123577A4D009A1B39 /* weather.app */,
				AC00196523577A5C009A1B39 /* weatherTests.xctest */,
				AC00197023577A5C009A1B39 /* weatherUITests.xctest */,
			);
			name = Products;
			sourceTree = "<group>";
		};
		AC00195323577A4D009A1B39 /* weather */ = {
			isa = PBXGroup;
			children = (
				AC00195423577A4D009A1B39 /* AppDelegate.swift */,
				AC00195623577A4D009A1B39 /* ViewController.swift */,
				AC00195823577A4D009A1B39 /* Main.storyboard */,
				AC00195B23577A5B009A1B39 /* Assets.xcassets */,
				AC00195D23577A5B009A1B39 /* LaunchScreen.storyboard */,
				AC00196023577A5B009A1B39 /* Info.plist */,
			);
			path = weather;
			sourceTree = "<group>";
		};
		AC00196823577A5C009A1B39 /* weatherTests */ = {
			isa = PBXGroup;
			children = (
				AC00196923577A5C009A1B39 /* weatherTests.swift */,
				AC00196B23577A5C009A1B39 /* Info.plist */,
			);
			path = weatherTests;
			sourceTree = "<group>";
		};
		AC00197323577A5C009A1B39 /* weatherUITests */ = {
			isa = PBXGroup;
			children = (
				AC00197423577A5C009A1B39 /* weatherUITests.swift */,
				AC00197623577A5C009A1B39 /* Info.plist */,
			);
			path = weatherUITests;
			sourceTree = "<group>";
		};
/* End PBXGroup section */

/* Begin PBXNativeTarget section */
		AC00195023577A4D009A1B39 /* weather */ = {
			isa = PBXNativeTarget;
			buildConfigurationList = AC00197923577A5C009A1B39 /* Build configuration list for PBXNativeTarget "weather" */;
			buildPhases = (
				AC00194D23577A4D009A1B39 /* Sources */,
				AC00194E23577A4D009A1B39 /* Frameworks */,
				AC00194F23577A4D009A1B39 /* Resources */,
			);
			buildRules = (
			);
			dependencies = (
			);
			name = weather;
			productName = weather;
			productReference = AC00195123577A4D009A1B39 /* weather.app */;
			productType = "com.apple.product-type.application";
		};
		AC00196423577A5C009A1B39 /* weatherTests */ = {
			isa = PBXNativeTarget;
			buildConfigurationList = AC00197C23577A5C009A1B39 /* Build configuration list for PBXNativeTarget "weatherTests" */;
			buildPhases = (
				AC00196123577A5C009A1B39 /* Sources */,
				AC00196223577A5C009A1B39 /* Frameworks */,
				AC00196323577A5C009A1B39 /* Resources */,
			);
			buildRules = (
			);
			dependencies = (
				AC00196723577A5C009A1B39 /* PBXTargetDependency */,
			);
			name = weatherTests;
			productName = weatherTests;
			productReference = AC00196523577A5C009A1B39 /* weatherTests.xctest */;
			productType = "com.apple.product-type.bundle.unit-test";
		};
		AC00196F23577A5C009A1B39 /* weatherUITests */ = {
			isa = PBXNativeTarget;
			buildConfigurationList = AC00197F23577A5C009A1B39 /* Build configuration list for PBXNativeTarget "weatherUITests" */;
			buildPhases = (
				AC00196C23577A5C009A1B39 /* Sources */,
				AC00196D23577A5C009A1B39 /* Frameworks */,
				AC00196E23577A5C009A1B39 /* Resources */,
			);
			buildRules = (
			);
			dependencies = (
				AC00197223577A5C009A1B39 /* PBXTargetDependency */,
			);
			name = weatherUITests;
			productName = weatherUITests;
			productReference = AC00197023577A5C009A1B39 /* weatherUITests.xctest */;
			productType = "com.apple.product-type.bundle.ui-testing";
		};
/* End PBXNativeTarget section */

/* Begin PBXProject section */
		AC00194923577A4D009A1B39 /* Project object */ = {
			isa = PBXProject;
			attributes = {
				LastSwiftUpdateCheck = 1000;
				LastUpgradeCheck = 1000;
				ORGANIZATIONNAME = "Guest User";
				TargetAttributes = {
					AC00195023577A4D009A1B39 = {
						CreatedOnToolsVersion = 10.0;
					};
					AC00196423577A5C009A1B39 = {
						CreatedOnToolsVersion = 10.0;
						TestTargetID = AC00195023577A4D009A1B39;
					};
					AC00196F23577A5C009A1B39 = {
						CreatedOnToolsVersion = 10.0;
						TestTargetID = AC00195023577A4D009A1B39;
					};
				};
			};
			buildConfigurationList = AC00194C23577A4D009A1B39 /* Build configuration list for PBXProject "weather" */;
			compatibilityVersion = "Xcode 9.3";
			developmentRegion = en;
			hasScannedForEncodings = 0;
			knownRegions = (
				en,
				Base,
			);
			mainGroup = AC00194823577A4D009A1B39;
			productRefGroup = AC00195223577A4D009A1B39 /* Products */;
			projectDirPath = "";
			projectRoot = "";
			targets = (
				AC00195023577A4D009A1B39 /* weather */,
				AC00196423577A5C009A1B39 /* weatherTests */,
				AC00196F23577A5C009A1B39 /* weatherUITests */,
			);
		};
/* End PBXProject section */

/* Begin PBXResourcesBuildPhase section */
		AC00194F23577A4D009A1B39 /* Resources */ = {
			isa = PBXResourcesBuildPhase;
			buildActionMask = 2147483647;
			files = (
				AC00195F23577A5B009A1B39 /* LaunchScreen.storyboard in Resources */,
				AC00195C23577A5B009A1B39 /* Assets.xcassets in Resources */,
				AC00195A23577A4D009A1B39 /* Main.storyboard in Resources */,
			);
			runOnlyForDeploymentPostprocessing = 0;
		};
		AC00196323577A5C009A1B39 /* Resources */ = {
			isa = PBXResourcesBuildPhase;
			buildActionMask = 2147483647;
			files = (
			);
			runOnlyForDeploymentPostprocessing = 0;
		};
		AC00196E23577A5C009A1B39 /* Resources */ = {
			isa = PBXResourcesBuildPhase;
			buildActionMask = 2147483647;
			files = (
			);
			runOnlyForDeploymentPostprocessing = 0;
		};
/* End PBXResourcesBuildPhase section */

/* Begin PBXSourcesBuildPhase section */
		AC00194D23577A4D009A1B39 /* Sources */ = {
			isa = PBXSourcesBuildPhase;
			buildActionMask = 2147483647;
			files = (
				AC00195723577A4D009A1B39 /* ViewController.swift in Sources */,
				AC00195523577A4D009A1B39 /* AppDelegate.swift in Sources */,
			);
			runOnlyForDeploymentPostprocessing = 0;
		};
		AC00196123577A5C009A1B39 /* Sources */ = {
			isa = PBXSourcesBuildPhase;
			buildActionMask = 2147483647;
			files = (
				AC00196A23577A5C009A1B39 /* weatherTests.swift in Sources */,
			);
			runOnlyForDeploymentPostprocessing = 0;
		};
		AC00196C23577A5C009A1B39 /* Sources */ = {
			isa = PBXSourcesBuildPhase;
			buildActionMask = 2147483647;
			files = (
				AC00197523577A5C009A1B39 /* weatherUITests.swift in Sources */,
			);
			runOnlyForDeploymentPostprocessing = 0;
		};
/* End PBXSourcesBuildPhase section */

/* Begin PBXTargetDependency section */
		AC00196723577A5C009A1B39 /* PBXTargetDependency */ = {
			isa = PBXTargetDependency;
			target = AC00195023577A4D009A1B39 /* weather */;
			targetProxy = AC00196623577A5C009A1B39 /* PBXContainerItemProxy */;
		};
		AC00197223577A5C009A1B39 /* PBXTargetDependency */ = {
			isa = PBXTargetDependency;
			target = AC00195023577A4D009A1B39 /* weather */;
			targetProxy = AC00197123577A5C009A1B39 /* PBXContainerItemProxy */;
		};
/* End PBXTargetDependency section */

/* Begin PBXVariantGroup section */
		AC00195823577A4D009A1B39 /* Main.storyboard */ = {
			isa = PBXVariantGroup;
			children = (
				AC00195923577A4D009A1B39 /* Base */,
			);
			name = Main.storyboard;
			sourceTree = "<group>";
		};
		AC00195D23577A5B009A1B39 /* LaunchScreen.storyboard */ = {
			isa = PBXVariantGroup;
			children = (
				AC00195E23577A5B009A1B39 /* Base */,
			);
			name = LaunchScreen.storyboard;
			sourceTree = "<group>";
		};
/* End PBXVariantGroup section */

/* Begin XCBuildConfiguration section */
		AC00197723577A5C009A1B39 /* Debug */ = {
			isa = XCBuildConfiguration;
			buildSettings = {
				ALWAYS_SEARCH_USER_PATHS = NO;
				CLANG_ANALYZER_NONNULL = YES;
				CLANG_ANALYZER_NUMBER_OBJECT_CONVERSION = YES_AGGRESSIVE;
				CLANG_CXX_LANGUAGE_STANDARD = "gnu++14";
				CLANG_CXX_LIBRARY = "libc++";
				CLANG_ENABLE_MODULES = YES;
				CLANG_ENABLE_OBJC_ARC = YES;
				CLANG_ENABLE_OBJC_WEAK = YES;
				CLANG_WARN_BLOCK_CAPTURE_AUTORELEASING = YES;
				CLANG_WARN_BOOL_CONVERSION = YES;
				CLANG_WARN_COMMA = YES;
				CLANG_WARN_CONSTANT_CONVERSION = YES;
				CLANG_WARN_DEPRECATED_OBJC_IMPLEMENTATIONS = YES;
				CLANG_WARN_DIRECT_OBJC_ISA_USAGE = YES_ERROR;
				CLANG_WARN_DOCUMENTATION_COMMENTS = YES;
				CLANG_WARN_EMPTY_BODY = YES;
				CLANG_WARN_ENUM_CONVERSION = YES;
				CLANG_WARN_INFINITE_RECURSION = YES;
				CLANG_WARN_INT_CONVERSION = YES;
				CLANG_WARN_NON_LITERAL_NULL_CONVERSION = YES;
				CLANG_WARN_OBJC_IMPLICIT_RETAIN_SELF = YES;
				CLANG_WARN_OBJC_LITERAL_CONVERSION = YES;
				CLANG_WARN_OBJC_ROOT_CLASS = YES_ERROR;
				CLANG_WARN_RANGE_LOOP_ANALYSIS = YES;
				CLANG_WARN_STRICT_PROTOTYPES = YES;
				CLANG_WARN_SUSPICIOUS_MOVE = YES;
				CLANG_WARN_UNGUARDED_AVAILABILITY = YES_AGGRESSIVE;
				CLANG_WARN_UNREACHABLE_CODE = YES;
				CLANG_WARN__DUPLICATE_METHOD_MATCH = YES;
				CODE_SIGN_IDENTITY = "iPhone Developer";
				COPY_PHASE_STRIP = NO;
				DEBUG_INFORMATION_FORMAT = dwarf;
				ENABLE_STRICT_OBJC_MSGSEND = YES;
				ENABLE_TESTABILITY = YES;
				GCC_C_LANGUAGE_STANDARD = gnu11;
				GCC_DYNAMIC_NO_PIC = NO;
				GCC_NO_COMMON_BLOCKS = YES;
				GCC_OPTIMIZATION_LEVEL = 0;
				GCC_PREPROCESSOR_DEFINITIONS = (
					"DEBUG=1",
					"$(inherited)",
				);
				GCC_WARN_64_TO_32_BIT_CONVERSION = YES;
				GCC_WARN_ABOUT_RETURN_TYPE = YES_ERROR;
				GCC_WARN_UNDECLARED_SELECTOR = YES;
				GCC_WARN_UNINITIALIZED_AUTOS = YES_AGGRESSIVE;
				GCC_WARN_UNUSED_FUNCTION = YES;
				GCC_WARN_UNUSED_VARIABLE = YES;
				IPHONEOS_DEPLOYMENT_TARGET = 12.0;
				MTL_ENABLE_DEBUG_INFO = INCLUDE_SOURCE;
				MTL_FAST_MATH = YES;
				ONLY_ACTIVE_ARCH = YES;
				SDKROOT = iphoneos;
				SWIFT_ACTIVE_COMPILATION_CONDITIONS = DEBUG;
				SWIFT_OPTIMIZATION_LEVEL = "-Onone";
			};
			name = Debug;
		};
		AC00197823577A5C009A1B39 /* Release */ = {
			isa = XCBuildConfiguration;
			buildSettings = {
				ALWAYS_SEARCH_USER_PATHS = NO;
				CLANG_ANALYZER_NONNULL = YES;
				CLANG_ANALYZER_NUMBER_OBJECT_CONVERSION = YES_AGGRESSIVE;
				CLANG_CXX_LANGUAGE_STANDARD = "gnu++14";
				CLANG_CXX_LIBRARY = "libc++";
				CLANG_ENABLE_MODULES = YES;
				CLANG_ENABLE_OBJC_ARC = YES;
				CLANG_ENABLE_OBJC_WEAK = YES;
				CLANG_WARN_BLOCK_CAPTURE_AUTORELEASING = YES;
				CLANG_WARN_BOOL_CONVERSION = YES;
				CLANG_WARN_COMMA = YES;
				CLANG_WARN_CONSTANT_CONVERSION = YES;
				CLANG_WARN_DEPRECATED_OBJC_IMPLEMENTATIONS = YES;
				CLANG_WARN_DIRECT_OBJC_ISA_USAGE = YES_ERROR;
				CLANG_WARN_DOCUMENTATION_COMMENTS = YES;
				CLANG_WARN_EMPTY_BODY = YES;
				CLANG_WARN_ENUM_CONVERSION = YES;
				CLANG_WARN_INFINITE_RECURSION = YES;
				CLANG_WARN_INT_CONVERSION = YES;
				CLANG_WARN_NON_LITERAL_NULL_CONVERSION = YES;
				CLANG_WARN_OBJC_IMPLICIT_RETAIN_SELF = YES;
				CLANG_WARN_OBJC_LITERAL_CONVERSION = YES;
				CLANG_WARN_OBJC_ROOT_CLASS = YES_ERROR;
				CLANG_WARN_RANGE_LOOP_ANALYSIS = YES;
				CLANG_WARN_STRICT_PROTOTYPES = YES;
				CLANG_WARN_SUSPICIOUS_MOVE = YES;
				CLANG_WARN_UNGUARDED_AVAILABILITY = YES_AGGRESSIVE;
				CLANG_WARN_UNREACHABLE_CODE = YES;
				CLANG_WARN__DUPLICATE_METHOD_MATCH = YES;
				CODE_SIGN_IDENTITY = "iPhone Developer";
				COPY_PHASE_STRIP = NO;
				DEBUG_INFORMATION_FORMAT = "dwarf-with-dsym";
				ENABLE_NS_ASSERTIONS = NO;
				ENABLE_STRICT_OBJC_MSGSEND = YES;
				GCC_C_LANGUAGE_STANDARD = gnu11;
				GCC_NO_COMMON_BLOCKS = YES;
				GCC_WARN_64_TO_32_BIT_CONVERSION = YES;
				GCC_WARN_ABOUT_RETURN_TYPE = YES_ERROR;
				GCC_WARN_UNDECLARED_SELECTOR = YES;
				GCC_WARN_UNINITIALIZED_AUTOS = YES_AGGRESSIVE;
				GCC_WARN_UNUSED_FUNCTION = YES;
				GCC_WARN_UNUSED_VARIABLE = YES;
				IPHONEOS_DEPLOYMENT_TARGET = 12.0;
				MTL_ENABLE_DEBUG_INFO = NO;
				MTL_FAST_MATH = YES;
				SDKROOT = iphoneos;
				SWIFT_COMPILATION_MODE = wholemodule;
				SWIFT_OPTIMIZATION_LEVEL = "-O";
				VALIDATE_PRODUCT = YES;
			};
			name = Release;
		};
		AC00197A23577A5C009A1B39 /* Debug */ = {
			isa = XCBuildConfiguration;
			buildSettings = {
				ASSETCATALOG_COMPILER_APPICON_NAME = AppIcon;
				CODE_SIGN_STYLE = Automatic;
				INFOPLIST_FILE = weather/Info.plist;
				LD_RUNPATH_SEARCH_PATHS = (
					"$(inherited)",
					"@executable_path/Frameworks",
				);
				PRODUCT_BUNDLE_IDENTIFIER = com.ao.weather;
				PRODUCT_NAME = "$(TARGET_NAME)";
				SWIFT_VERSION = 4.2;
				TARGETED_DEVICE_FAMILY = "1,2";
			};
			name = Debug;
		};
		AC00197B23577A5C009A1B39 /* Release */ = {
			isa = XCBuildConfiguration;
			buildSettings = {
				ASSETCATALOG_COMPILER_APPICON_NAME = AppIcon;
				CODE_SIGN_STYLE = Automatic;
				INFOPLIST_FILE = weather/Info.plist;
				LD_RUNPATH_SEARCH_PATHS = (
					"$(inherited)",
					"@executable_path/Frameworks",
				);
				PRODUCT_BUNDLE_IDENTIFIER = com.ao.weather;
				PRODUCT_NAME = "$(TARGET_NAME)";
				SWIFT_VERSION = 4.2;
				TARGETED_DEVICE_FAMILY = "1,2";
			};
			name = Release;
		};
		AC00197D23577A5C009A1B39 /* Debug */ = {
			isa = XCBuildConfiguration;
			buildSettings = {
				ALWAYS_EMBED_SWIFT_STANDARD_LIBRARIES = YES;
				BUNDLE_LOADER = "$(TEST_HOST)";
				CODE_SIGN_STYLE = Automatic;
				INFOPLIST_FILE = weatherTests/Info.plist;
				LD_RUNPATH_SEARCH_PATHS = (
					"$(inherited)",
					"@executable_path/Frameworks",
					"@loader_path/Frameworks",
				);
				PRODUCT_BUNDLE_IDENTIFIER = com.ao.weatherTests;
				PRODUCT_NAME = "$(TARGET_NAME)";
				SWIFT_VERSION = 4.2;
				TARGETED_DEVICE_FAMILY = "1,2";
				TEST_HOST = "$(BUILT_PRODUCTS_DIR)/weather.app/weather";
			};
			name = Debug;
		};
		AC00197E23577A5C009A1B39 /* Release */ = {
			isa = XCBuildConfiguration;
			buildSettings = {
				ALWAYS_EMBED_SWIFT_STANDARD_LIBRARIES = YES;
				BUNDLE_LOADER = "$(TEST_HOST)";
				CODE_SIGN_STYLE = Automatic;
				INFOPLIST_FILE = weatherTests/Info.plist;
				LD_RUNPATH_SEARCH_PATHS = (
					"$(inherited)",
					"@executable_path/Frameworks",
					"@loader_path/Frameworks",
				);
				PRODUCT_BUNDLE_IDENTIFIER = com.ao.weatherTests;
				PRODUCT_NAME = "$(TARGET_NAME)";
				SWIFT_VERSION = 4.2;
				TARGETED_DEVICE_FAMILY = "1,2";
				TEST_HOST = "$(BUILT_PRODUCTS_DIR)/weather.app/weather";
			};
			name = Release;
		};
		AC00198023577A5C009A1B39 /* Debug */ = {
			isa = XCBuildConfiguration;
			buildSettings = {
				ALWAYS_EMBED_SWIFT_STANDARD_LIBRARIES = YES;
				CODE_SIGN_STYLE = Automatic;
				INFOPLIST_FILE = weatherUITests/Info.plist;
				LD_RUNPATH_SEARCH_PATHS = (
					"$(inherited)",
					"@executable_path/Frameworks",
					"@loader_path/Frameworks",
				);
				PRODUCT_BUNDLE_IDENTIFIER = com.ao.weatherUITests;
				PRODUCT_NAME = "$(TARGET_NAME)";
				SWIFT_VERSION = 4.2;
				TARGETED_DEVICE_FAMILY = "1,2";
				TEST_TARGET_NAME = weather;
			};
			name = Debug;
		};
		AC00198123577A5C009A1B39 /* Release */ = {
			isa = XCBuildConfiguration;
			buildSettings = {
				ALWAYS_EMBED_SWIFT_STANDARD_LIBRARIES = YES;
				CODE_SIGN_STYLE = Automatic;
				INFOPLIST_FILE = weatherUITests/Info.plist;
				LD_RUNPATH_SEARCH_PATHS = (
					"$(inherited)",
					"@executable_path/Frameworks",
					"@loader_path/Frameworks",
				);
				PRODUCT_BUNDLE_IDENTIFIER = com.ao.weatherUITests;
				PRODUCT_NAME = "$(TARGET_NAME)";
				SWIFT_VERSION = 4.2;
				TARGETED_DEVICE_FAMILY = "1,2";
				TEST_TARGET_NAME = weather;
			};
			name = Release;
		};
/* End XCBuildConfiguration section */

/* Begin XCConfigurationList section */
		AC00194C23577A4D009A1B39 /* Build configuration list for PBXProject "weather" */ = {
			isa = XCConfigurationList;
			buildConfigurations = (
				AC00197723577A5C009A1B39 /* Debug */,
				AC00197823577A5C009A1B39 /* Release */,
			);
			defaultConfigurationIsVisible = 0;
			defaultConfigurationName = Release;
		};
		AC00197923577A5C009A1B39 /* Build configuration list for PBXNativeTarget "weather" */ = {
			isa = XCConfigurationList;
			buildConfigurations = (
				AC00197A23577A5C009A1B39 /* Debug */,
				AC00197B23577A5C009A1B39 /* Release */,
			);
			defaultConfigurationIsVisible = 0;
			defaultConfigurationName = Release;
		};
		AC00197C23577A5C009A1B39 /* Build configuration list for PBXNativeTarget "weatherTests" */ = {
			isa = XCConfigurationList;
			buildConfigurations = (
				AC00197D23577A5C009A1B39 /* Debug */,
				AC00197E23577A5C009A1B39 /* Release */,
			);
			defaultConfigurationIsVisible = 0;
			defaultConfigurationName = Release;
		};
		AC00197F23577A5C009A1B39 /* Build configuration list for PBXNativeTarget "weatherUITests" */ = {
			isa = XCConfigurationList;
			buildConfigurations = (
				AC00198023577A5C009A1B39 /* Debug */,
				AC00198123577A5C009A1B39 /* Release */,
			);
			defaultConfigurationIsVisible = 0;
			defaultConfigurationName = Release;
		};
/* End XCConfigurationList section */
	};
	rootObject = AC00194923577A4D009A1B39 /* Project object */;
}
